
Microsoft Visual Studio Solution File, Format Version 12.00
# Visual Studio Version 16
VisualStudioVersion = 16.0.29728.190
MinimumVisualStudioVersion = 10.0.40219.1
Project("{FAE04EC0-301F-11D3-BF4B-00C04F79EFBC}") = "DevCard_MVC", "DevCard_MVC\DevCard_MVC.csproj", "{7A4C5AC9-B70F-4E61-9CBF-06F73A5CB2D1}"
EndProject
Global
	GlobalSection(SolutionConfigurationPlatforms) = preSolution
		Debug|Any CPU = Debug|Any CPU
		Release|Any CPU = Release|Any CPU
	EndGlobalSection
	GlobalSection(ProjectConfigurationPlatforms) = postSolution
		{7A4C5AC9-B70F-4E61-9CBF-06F73A5CB2D1}.Debug|Any CPU.ActiveCfg = Debug|Any CPU
		{7A4C5AC9-B70F-4E61-9CBF-06F73A5CB2D1}.Debug|Any CPU.Build.0 = Debug|Any CPU
		{7A4C5AC9-B70F-4E61-9CBF-06F73A5CB2D1}.Release|Any CPU.ActiveCfg = Release|Any CPU
		{7A4C5AC9-B70F-4E61-9CBF-06F73A5CB2D1}.Release|Any CPU.Build.0 = Release|Any CPU
	EndGlobalSection
	GlobalSection(SolutionProperties) = preSolution
		HideSolutionNode = FALSE
	EndGlobalSection
	GlobalSection(ExtensibilityGlobals) = postSolution
		SolutionGuid = {8104F67C-B043-4AFF-B45B-6D19DB3BF616}
	EndGlobalSection
EndGlobal
